
Microsoft Visual Studio Solution File, Format Version 12.00
# Visual Studio 14
VisualStudioVersion = 14.0.25420.1
MinimumVisualStudioVersion = 10.0.40219.1
Project("{FAE04EC0-301F-11D3-BF4B-00C04F79EFBC}") = "WxTenpay", "WxTenpay\WxTenpay.csproj", "{0A25AF62-395F-41B9-84A5-714258EE70AE}"
EndProject
Project("{FAE04EC0-301F-11D3-BF4B-00C04F79EFBC}") = "ConsoleApplication1", "ConsoleApplication1\ConsoleApplication1.csproj", "{127504A1-5A35-40BF-AFDF-DEC234C6F0F6}"
EndProject
Project("{FAE04EC0-301F-11D3-BF4B-00C04F79EFBC}") = "BaiDuAI", "BaiDuAI\BaiDuAI.csproj", "{4BAABB14-EDAD-4BF4-8272-F5FB92E23A5D}"
EndProject
Project("{FAE04EC0-301F-11D3-BF4B-00C04F79EFBC}") = "Common", "common\Common.csproj", "{A7EB4559-810A-46A3-84FB-E9CB88EE9A09}"
EndProject
Global
	GlobalSection(SolutionConfigurationPlatforms) = preSolution
		Debug|Any CPU = Debug|Any CPU
		Release|Any CPU = Release|Any CPU
	EndGlobalSection
	GlobalSection(ProjectConfigurationPlatforms) = postSolution
		{0A25AF62-395F-41B9-84A5-714258EE70AE}.Debug|Any CPU.ActiveCfg = Debug|Any CPU
		{0A25AF62-395F-41B9-84A5-714258EE70AE}.Debug|Any CPU.Build.0 = Debug|Any CPU
		{0A25AF62-395F-41B9-84A5-714258EE70AE}.Release|Any CPU.ActiveCfg = Release|Any CPU
		{0A25AF62-395F-41B9-84A5-714258EE70AE}.Release|Any CPU.Build.0 = Release|Any CPU
		{127504A1-5A35-40BF-AFDF-DEC234C6F0F6}.Debug|Any CPU.ActiveCfg = Debug|Any CPU
		{127504A1-5A35-40BF-AFDF-DEC234C6F0F6}.Debug|Any CPU.Build.0 = Debug|Any CPU
		{127504A1-5A35-40BF-AFDF-DEC234C6F0F6}.Release|Any CPU.ActiveCfg = Release|Any CPU
		{127504A1-5A35-40BF-AFDF-DEC234C6F0F6}.Release|Any CPU.Build.0 = Release|Any CPU
		{4BAABB14-EDAD-4BF4-8272-F5FB92E23A5D}.Debug|Any CPU.ActiveCfg = Debug|Any CPU
		{4BAABB14-EDAD-4BF4-8272-F5FB92E23A5D}.Debug|Any CPU.Build.0 = Debug|Any CPU
		{4BAABB14-EDAD-4BF4-8272-F5FB92E23A5D}.Release|Any CPU.ActiveCfg = Release|Any CPU
		{4BAABB14-EDAD-4BF4-8272-F5FB92E23A5D}.Release|Any CPU.Build.0 = Release|Any CPU
		{A7EB4559-810A-46A3-84FB-E9CB88EE9A09}.Debug|Any CPU.ActiveCfg = Debug|Any CPU
		{A7EB4559-810A-46A3-84FB-E9CB88EE9A09}.Debug|Any CPU.Build.0 = Debug|Any CPU
		{A7EB4559-810A-46A3-84FB-E9CB88EE9A09}.Release|Any CPU.ActiveCfg = Release|Any CPU
		{A7EB4559-810A-46A3-84FB-E9CB88EE9A09}.Release|Any CPU.Build.0 = Release|Any CPU
	EndGlobalSection
	GlobalSection(SolutionProperties) = preSolution
		HideSolutionNode = FALSE
	EndGlobalSection
EndGlobal
