
Microsoft Visual Studio Solution File, Format Version 12.00
# Visual Studio 15
VisualStudioVersion = 15.0.28307.705
MinimumVisualStudioVersion = 10.0.40219.1
Project("{FAE04EC0-301F-11D3-BF4B-00C04F79EFBC}") = "WxTenpay", "WxTenpay\WxTenpay.csproj", "{0A25AF62-395F-41B9-84A5-714258EE70AE}"
EndProject
Project("{FAE04EC0-301F-11D3-BF4B-00C04F79EFBC}") = "ConsoleApplication1", "ConsoleApplication1\ConsoleApplication1.csproj", "{127504A1-5A35-40BF-AFDF-DEC234C6F0F6}"
EndProject
Project("{FAE04EC0-301F-11D3-BF4B-00C04F79EFBC}") = "BaiDuAI", "BaiDuAI\BaiDuAI.csproj", "{4BAABB14-EDAD-4BF4-8272-F5FB92E23A5D}"
EndProject
Project("{FAE04EC0-301F-11D3-BF4B-00C04F79EFBC}") = "Common", "common\Common.csproj", "{A7EB4559-810A-46A3-84FB-E9CB88EE9A09}"
EndProject
Project("{FAE04EC0-301F-11D3-BF4B-00C04F79EFBC}") = "AliYun", "AliYun\AliYun.csproj", "{0C664C11-3D35-45F6-882C-765A58C57999}"
EndProject
Project("{FAE04EC0-301F-11D3-BF4B-00C04F79EFBC}") = "WebFront", "webFront\WebFront.csproj", "{99F514C7-9B89-49BF-840F-2DA40A29EC7C}"
EndProject
Global
	GlobalSection(SolutionConfigurationPlatforms) = preSolution
		Debug|Any CPU = Debug|Any CPU
		Release|Any CPU = Release|Any CPU
	EndGlobalSection
	GlobalSection(ProjectConfigurationPlatforms) = postSolution
		{0A25AF62-395F-41B9-84A5-714258EE70AE}.Debug|Any CPU.ActiveCfg = Debug|Any CPU
		{0A25AF62-395F-41B9-84A5-714258EE70AE}.Debug|Any CPU.Build.0 = Debug|Any CPU
		{0A25AF62-395F-41B9-84A5-714258EE70AE}.Release|Any CPU.ActiveCfg = Release|Any CPU
		{0A25AF62-395F-41B9-84A5-714258EE70AE}.Release|Any CPU.Build.0 = Release|Any CPU
		{127504A1-5A35-40BF-AFDF-DEC234C6F0F6}.Debug|Any CPU.ActiveCfg = Debug|Any CPU
		{127504A1-5A35-40BF-AFDF-DEC234C6F0F6}.Debug|Any CPU.Build.0 = Debug|Any CPU
		{127504A1-5A35-40BF-AFDF-DEC234C6F0F6}.Release|Any CPU.ActiveCfg = Release|Any CPU
		{127504A1-5A35-40BF-AFDF-DEC234C6F0F6}.Release|Any CPU.Build.0 = Release|Any CPU
		{4BAABB14-EDAD-4BF4-8272-F5FB92E23A5D}.Debug|Any CPU.ActiveCfg = Debug|Any CPU
		{4BAABB14-EDAD-4BF4-8272-F5FB92E23A5D}.Debug|Any CPU.Build.0 = Debug|Any CPU
		{4BAABB14-EDAD-4BF4-8272-F5FB92E23A5D}.Release|Any CPU.ActiveCfg = Release|Any CPU
		{4BAABB14-EDAD-4BF4-8272-F5FB92E23A5D}.Release|Any CPU.Build.0 = Release|Any CPU
		{A7EB4559-810A-46A3-84FB-E9CB88EE9A09}.Debug|Any CPU.ActiveCfg = Debug|Any CPU
		{A7EB4559-810A-46A3-84FB-E9CB88EE9A09}.Debug|Any CPU.Build.0 = Debug|Any CPU
		{A7EB4559-810A-46A3-84FB-E9CB88EE9A09}.Release|Any CPU.ActiveCfg = Release|Any CPU
		{A7EB4559-810A-46A3-84FB-E9CB88EE9A09}.Release|Any CPU.Build.0 = Release|Any CPU
		{0C664C11-3D35-45F6-882C-765A58C57999}.Debug|Any CPU.ActiveCfg = Debug|Any CPU
		{0C664C11-3D35-45F6-882C-765A58C57999}.Debug|Any CPU.Build.0 = Debug|Any CPU
		{0C664C11-3D35-45F6-882C-765A58C57999}.Release|Any CPU.ActiveCfg = Release|Any CPU
		{0C664C11-3D35-45F6-882C-765A58C57999}.Release|Any CPU.Build.0 = Release|Any CPU
		{99F514C7-9B89-49BF-840F-2DA40A29EC7C}.Debug|Any CPU.ActiveCfg = Debug|Any CPU
		{99F514C7-9B89-49BF-840F-2DA40A29EC7C}.Debug|Any CPU.Build.0 = Debug|Any CPU
		{99F514C7-9B89-49BF-840F-2DA40A29EC7C}.Release|Any CPU.ActiveCfg = Release|Any CPU
		{99F514C7-9B89-49BF-840F-2DA40A29EC7C}.Release|Any CPU.Build.0 = Release|Any CPU
	EndGlobalSection
	GlobalSection(SolutionProperties) = preSolution
		HideSolutionNode = FALSE
	EndGlobalSection
	GlobalSection(ExtensibilityGlobals) = postSolution
		SolutionGuid = {B809DB93-5FD3-4E92-906D-DCB14B9F78F3}
	EndGlobalSection
EndGlobal
